
Microsoft Visual Studio Solution File, Format Version 12.00
# Visual Studio 14
VisualStudioVersion = 14.0.25420.1
MinimumVisualStudioVersion = 10.0.40219.1
Project("{FAE04EC0-301F-11D3-BF4B-00C04F79EFBC}") = "BackgroundTaskDemo", "BackgroundTaskDemo\BackgroundTaskDemo.csproj", "{C7DE1C7C-51B9-4890-8F1C-B10734E89773}"
EndProject
Project("{FAE04EC0-301F-11D3-BF4B-00C04F79EFBC}") = "BackgroundComponent", "BackgroundComponent\BackgroundComponent.csproj", "{99C7EE65-1B1C-49B0-A0E3-98B9D65226B0}"
EndProject
Global
	GlobalSection(SolutionConfigurationPlatforms) = preSolution
		Debug|Any CPU = Debug|Any CPU
		Debug|ARM = Debug|ARM
		Debug|x64 = Debug|x64
		Debug|x86 = Debug|x86
		Release|Any CPU = Release|Any CPU
		Release|ARM = Release|ARM
		Release|x64 = Release|x64
		Release|x86 = Release|x86
	EndGlobalSection
	GlobalSection(ProjectConfigurationPlatforms) = postSolution
		{C7DE1C7C-51B9-4890-8F1C-B10734E89773}.Debug|Any CPU.ActiveCfg = Debug|x86
		{C7DE1C7C-51B9-4890-8F1C-B10734E89773}.Debug|ARM.ActiveCfg = Debug|ARM
		{C7DE1C7C-51B9-4890-8F1C-B10734E89773}.Debug|ARM.Build.0 = Debug|ARM
		{C7DE1C7C-51B9-4890-8F1C-B10734E89773}.Debug|ARM.Deploy.0 = Debug|ARM
		{C7DE1C7C-51B9-4890-8F1C-B10734E89773}.Debug|x64.ActiveCfg = Debug|x64
		{C7DE1C7C-51B9-4890-8F1C-B10734E89773}.Debug|x64.Build.0 = Debug|x64
		{C7DE1C7C-51B9-4890-8F1C-B10734E89773}.Debug|x64.Deploy.0 = Debug|x64
		{C7DE1C7C-51B9-4890-8F1C-B10734E89773}.Debug|x86.ActiveCfg = Debug|x86
		{C7DE1C7C-51B9-4890-8F1C-B10734E89773}.Debug|x86.Build.0 = Debug|x86
		{C7DE1C7C-51B9-4890-8F1C-B10734E89773}.Debug|x86.Deploy.0 = Debug|x86
		{C7DE1C7C-51B9-4890-8F1C-B10734E89773}.Release|Any CPU.ActiveCfg = Release|x86
		{C7DE1C7C-51B9-4890-8F1C-B10734E89773}.Release|ARM.ActiveCfg = Release|ARM
		{C7DE1C7C-51B9-4890-8F1C-B10734E89773}.Release|ARM.Build.0 = Release|ARM
		{C7DE1C7C-51B9-4890-8F1C-B10734E89773}.Release|ARM.Deploy.0 = Release|ARM
		{C7DE1C7C-51B9-4890-8F1C-B10734E89773}.Release|x64.ActiveCfg = Release|x64
		{C7DE1C7C-51B9-4890-8F1C-B10734E89773}.Release|x64.Build.0 = Release|x64
		{C7DE1C7C-51B9-4890-8F1C-B10734E89773}.Release|x64.Deploy.0 = Release|x64
		{C7DE1C7C-51B9-4890-8F1C-B10734E89773}.Release|x86.ActiveCfg = Release|x86
		{C7DE1C7C-51B9-4890-8F1C-B10734E89773}.Release|x86.Build.0 = Release|x86
		{C7DE1C7C-51B9-4890-8F1C-B10734E89773}.Release|x86.Deploy.0 = Release|x86
		{99C7EE65-1B1C-49B0-A0E3-98B9D65226B0}.Debug|Any CPU.ActiveCfg = Debug|Any CPU
		{99C7EE65-1B1C-49B0-A0E3-98B9D65226B0}.Debug|Any CPU.Build.0 = Debug|Any CPU
		{99C7EE65-1B1C-49B0-A0E3-98B9D65226B0}.Debug|ARM.ActiveCfg = Debug|ARM
		{99C7EE65-1B1C-49B0-A0E3-98B9D65226B0}.Debug|ARM.Build.0 = Debug|ARM
		{99C7EE65-1B1C-49B0-A0E3-98B9D65226B0}.Debug|x64.ActiveCfg = Debug|x64
		{99C7EE65-1B1C-49B0-A0E3-98B9D65226B0}.Debug|x64.Build.0 = Debug|x64
		{99C7EE65-1B1C-49B0-A0E3-98B9D65226B0}.Debug|x86.ActiveCfg = Debug|x86
		{99C7EE65-1B1C-49B0-A0E3-98B9D65226B0}.Debug|x86.Build.0 = Debug|x86
		{99C7EE65-1B1C-49B0-A0E3-98B9D65226B0}.Release|Any CPU.ActiveCfg = Release|Any CPU
		{99C7EE65-1B1C-49B0-A0E3-98B9D65226B0}.Release|Any CPU.Build.0 = Release|Any CPU
		{99C7EE65-1B1C-49B0-A0E3-98B9D65226B0}.Release|ARM.ActiveCfg = Release|ARM
		{99C7EE65-1B1C-49B0-A0E3-98B9D65226B0}.Release|ARM.Build.0 = Release|ARM
		{99C7EE65-1B1C-49B0-A0E3-98B9D65226B0}.Release|x64.ActiveCfg = Release|x64
		{99C7EE65-1B1C-49B0-A0E3-98B9D65226B0}.Release|x64.Build.0 = Release|x64
		{99C7EE65-1B1C-49B0-A0E3-98B9D65226B0}.Release|x86.ActiveCfg = Release|x86
		{99C7EE65-1B1C-49B0-A0E3-98B9D65226B0}.Release|x86.Build.0 = Release|x86
	EndGlobalSection
	GlobalSection(SolutionProperties) = preSolution
		HideSolutionNode = FALSE
	EndGlobalSection
EndGlobal
